
Microsoft Visual Studio Solution File, Format Version 12.00
# Visual Studio Version 17
VisualStudioVersion = 17.11.35312.102
MinimumVisualStudioVersion = 10.0.40219.1
Project("{FAE04EC0-301F-11D3-BF4B-00C04F79EFBC}") = "map_backend", "map_backend\map_backend.csproj", "{ACBF8AE8-C9D1-465F-A2E6-811CD9722E4A}"
EndProject
Global
	GlobalSection(SolutionConfigurationPlatforms) = preSolution
		Debug|Any CPU = Debug|Any CPU
		Release|Any CPU = Release|Any CPU
	EndGlobalSection
	GlobalSection(ProjectConfigurationPlatforms) = postSolution
		{ACBF8AE8-C9D1-465F-A2E6-811CD9722E4A}.Debug|Any CPU.ActiveCfg = Debug|Any CPU
		{ACBF8AE8-C9D1-465F-A2E6-811CD9722E4A}.Debug|Any CPU.Build.0 = Debug|Any CPU
		{ACBF8AE8-C9D1-465F-A2E6-811CD9722E4A}.Release|Any CPU.ActiveCfg = Release|Any CPU
		{ACBF8AE8-C9D1-465F-A2E6-811CD9722E4A}.Release|Any CPU.Build.0 = Release|Any CPU
	EndGlobalSection
	GlobalSection(SolutionProperties) = preSolution
		HideSolutionNode = FALSE
	EndGlobalSection
	GlobalSection(ExtensibilityGlobals) = postSolution
		SolutionGuid = {387839B6-0E98-4296-B5E9-A8C7795ED887}
	EndGlobalSection
EndGlobal
